
Microsoft Visual Studio Solution File, Format Version 12.00
# Visual Studio 15
VisualStudioVersion = 15.0.26124.0
MinimumVisualStudioVersion = 15.0.26124.0
Project("{2150E333-8FDC-42A3-9474-1A3956D46DE8}") = "src", "src", "{CC59864A-7DC5-443A-A829-4C0D8375929E}"
EndProject
Project("{6EC3EE1D-3C4E-46DD-8F32-0CC8E7565705}") = "FSharp.Quotations.Evaluator.NetStandard", "src/FSharp.Quotations.Evaluator.NetStandard/FSharp.Quotations.Evaluator.NetStandard.fsproj", "{BB3E0839-740F-421B-BC70-1005622323C5}"
EndProject
Project("{2150E333-8FDC-42A3-9474-1A3956D46DE8}") = "tests", "tests", "{8A80C120-B451-49E9-BF59-1C0E73C7BB59}"
EndProject
Project("{6EC3EE1D-3C4E-46DD-8F32-0CC8E7565705}") = "FSharp.Quotations.Evaluator.NetStandard.Tests", "tests/FSharp.Quotations.Evaluator.NetStandard.Tests/FSharp.Quotations.Evaluator.NetStandard.Tests.fsproj", "{2D394C52-8A75-4154-A904-04844A1ADC2E}"
EndProject
Global
	GlobalSection(SolutionConfigurationPlatforms) = preSolution
		Debug|Any CPU = Debug|Any CPU
		Debug|x64 = Debug|x64
		Debug|x86 = Debug|x86
		Release|Any CPU = Release|Any CPU
		Release|x64 = Release|x64
		Release|x86 = Release|x86
	EndGlobalSection
	GlobalSection(SolutionProperties) = preSolution
		HideSolutionNode = FALSE
	EndGlobalSection
	GlobalSection(ProjectConfigurationPlatforms) = postSolution
		{BB3E0839-740F-421B-BC70-1005622323C5}.Debug|Any CPU.ActiveCfg = Debug|Any CPU
		{BB3E0839-740F-421B-BC70-1005622323C5}.Debug|Any CPU.Build.0 = Debug|Any CPU
		{BB3E0839-740F-421B-BC70-1005622323C5}.Debug|x64.ActiveCfg = Debug|x64
		{BB3E0839-740F-421B-BC70-1005622323C5}.Debug|x64.Build.0 = Debug|x64
		{BB3E0839-740F-421B-BC70-1005622323C5}.Debug|x86.ActiveCfg = Debug|x86
		{BB3E0839-740F-421B-BC70-1005622323C5}.Debug|x86.Build.0 = Debug|x86
		{BB3E0839-740F-421B-BC70-1005622323C5}.Release|Any CPU.ActiveCfg = Release|Any CPU
		{BB3E0839-740F-421B-BC70-1005622323C5}.Release|Any CPU.Build.0 = Release|Any CPU
		{BB3E0839-740F-421B-BC70-1005622323C5}.Release|x64.ActiveCfg = Release|x64
		{BB3E0839-740F-421B-BC70-1005622323C5}.Release|x64.Build.0 = Release|x64
		{BB3E0839-740F-421B-BC70-1005622323C5}.Release|x86.ActiveCfg = Release|x86
		{BB3E0839-740F-421B-BC70-1005622323C5}.Release|x86.Build.0 = Release|x86
		{2D394C52-8A75-4154-A904-04844A1ADC2E}.Debug|Any CPU.ActiveCfg = Debug|Any CPU
		{2D394C52-8A75-4154-A904-04844A1ADC2E}.Debug|Any CPU.Build.0 = Debug|Any CPU
		{2D394C52-8A75-4154-A904-04844A1ADC2E}.Debug|x64.ActiveCfg = Debug|x64
		{2D394C52-8A75-4154-A904-04844A1ADC2E}.Debug|x64.Build.0 = Debug|x64
		{2D394C52-8A75-4154-A904-04844A1ADC2E}.Debug|x86.ActiveCfg = Debug|x86
		{2D394C52-8A75-4154-A904-04844A1ADC2E}.Debug|x86.Build.0 = Debug|x86
		{2D394C52-8A75-4154-A904-04844A1ADC2E}.Release|Any CPU.ActiveCfg = Release|Any CPU
		{2D394C52-8A75-4154-A904-04844A1ADC2E}.Release|Any CPU.Build.0 = Release|Any CPU
		{2D394C52-8A75-4154-A904-04844A1ADC2E}.Release|x64.ActiveCfg = Release|x64
		{2D394C52-8A75-4154-A904-04844A1ADC2E}.Release|x64.Build.0 = Release|x64
		{2D394C52-8A75-4154-A904-04844A1ADC2E}.Release|x86.ActiveCfg = Release|x86
		{2D394C52-8A75-4154-A904-04844A1ADC2E}.Release|x86.Build.0 = Release|x86
	EndGlobalSection
	GlobalSection(NestedProjects) = preSolution
		{BB3E0839-740F-421B-BC70-1005622323C5} = {CC59864A-7DC5-443A-A829-4C0D8375929E}
		{2D394C52-8A75-4154-A904-04844A1ADC2E} = {8A80C120-B451-49E9-BF59-1C0E73C7BB59}
	EndGlobalSection
EndGlobal
